
Microsoft Visual Studio Solution File, Format Version 12.00
# Visual Studio Version 17
VisualStudioVersion = 17.7.34031.279
MinimumVisualStudioVersion = 10.0.40219.1
Project("{FAE04EC0-301F-11D3-BF4B-00C04F79EFBC}") = "Clothing Store Management System", "Clothing Store Management System.csproj", "{8A872DDA-B39B-479B-94A7-09AF883A6AD2}"
EndProject
Global
	GlobalSection(SolutionConfigurationPlatforms) = preSolution
		Debug|Any CPU = Debug|Any CPU
		Release|Any CPU = Release|Any CPU
	EndGlobalSection
	GlobalSection(ProjectConfigurationPlatforms) = postSolution
		{8A872DDA-B39B-479B-94A7-09AF883A6AD2}.Debug|Any CPU.ActiveCfg = Debug|Any CPU
		{8A872DDA-B39B-479B-94A7-09AF883A6AD2}.Debug|Any CPU.Build.0 = Debug|Any CPU
		{8A872DDA-B39B-479B-94A7-09AF883A6AD2}.Release|Any CPU.ActiveCfg = Release|Any CPU
		{8A872DDA-B39B-479B-94A7-09AF883A6AD2}.Release|Any CPU.Build.0 = Release|Any CPU
	EndGlobalSection
	GlobalSection(SolutionProperties) = preSolution
		HideSolutionNode = FALSE
	EndGlobalSection
	GlobalSection(ExtensibilityGlobals) = postSolution
		SolutionGuid = {46C96725-E0A3-4330-8C58-50C84E453C42}
	EndGlobalSection
EndGlobal
